{
  "requires": true,
  "lockfileVersion": 1,
  "dependencies": {
    "lodash": {
      "version": "4.17.21",
      "resolved": "https://registry.npmjs.org/lodash/-/lodash-4.17.21.tgz",
      "integrity": "sha512-v2kDEe57lecTulaDIuNTPy3Ry4gLGJ6Z1O3vE1krgXZNrsQ+LFTGHVxVjcXPs17LhbZVGedAJv8XZ1tvj5FvSg=="
    },
    "uifactory": {
      "version": "0.0.10",
      "resolved": "https://registry.npmjs.org/uifactory/-/uifactory-0.0.10.tgz",
      "integrity": "sha512-qDnAI+FEmQuxDiQoxyhvnMxVGRQApeYEzLk4SYWb9+4MyJejUN2Lkx0kCAj0CgAjgGmyDmlipti+mNspqqoaLQ==",
      "requires": {
        "lodash": "4"
      }
    }
  }
}
